// !$*UTF8*$!
{
	archiveVersion = 1;
	classes = {
	};
	objectVersion = 46;
	objects = {

/* Begin PBXBuildFile section */
		46B1D1B9A0B540E482B90389 /* Pods_MyFloridaIntern.framework in Frameworks */ = {isa = PBXBuildFile; fileRef = ABF8CD3F756CE04ADA0E8BAC /* Pods_MyFloridaIntern.framework */; };
		5E15DBA11E27F52C00F4FEC0 /* main.m in Sources */ = {isa = PBXBuildFile; fileRef = 5E15DBA01E27F52C00F4FEC0 /* main.m */; };
		5E15DBA41E27F52C00F4FEC0 /* AppDelegate.m in Sources */ = {isa = PBXBuildFile; fileRef = 5E15DBA31E27F52C00F4FEC0 /* AppDelegate.m */; };
		5E15DBA71E27F52C00F4FEC0 /* ViewController.m in Sources */ = {isa = PBXBuildFile; fileRef = 5E15DBA61E27F52C00F4FEC0 /* ViewController.m */; };
		5E15DBAA1E27F52C00F4FEC0 /* Main.storyboard in Resources */ = {isa = PBXBuildFile; fileRef = 5E15DBA81E27F52C00F4FEC0 /* Main.storyboard */; };
		5E15DBAC1E27F52C00F4FEC0 /* Assets.xcassets in Resources */ = {isa = PBXBuildFile; fileRef = 5E15DBAB1E27F52C00F4FEC0 /* Assets.xcassets */; };
		5E15DBAF1E27F52C00F4FEC0 /* LaunchScreen.storyboard in Resources */ = {isa = PBXBuildFile; fileRef = 5E15DBAD1E27F52C00F4FEC0 /* LaunchScreen.storyboard */; };
		5E2A9AB61E2800D800B0C6CC /* LoginViewController.m in Sources */ = {isa = PBXBuildFile; fileRef = 5E2A9AB51E2800D800B0C6CC /* LoginViewController.m */; };
		5E2A9ABE1E29682000B0C6CC /* AppointmentsTableViewController.m in Sources */ = {isa = PBXBuildFile; fileRef = 5E2A9ABD1E29682000B0C6CC /* AppointmentsTableViewController.m */; };
/* End PBXBuildFile section */

/* Begin PBXFileReference section */
		048A9E5B66A27E303463EE10 /* Pods-MyFloridaIntern.release.xcconfig */ = {isa = PBXFileReference; includeInIndex = 1; lastKnownFileType = text.xcconfig; name = "Pods-MyFloridaIntern.release.xcconfig"; path = "Pods/Target Support Files/Pods-MyFloridaIntern/Pods-MyFloridaIntern.release.xcconfig"; sourceTree = "<group>"; };
		5E15DB9C1E27F52C00F4FEC0 /* MyFloridaIntern.app */ = {isa = PBXFileReference; explicitFileType = wrapper.application; includeInIndex = 0; path = MyFloridaIntern.app; sourceTree = BUILT_PRODUCTS_DIR; };
		5E15DBA01E27F52C00F4FEC0 /* main.m */ = {isa = PBXFileReference; lastKnownFileType = sourcecode.c.objc; path = main.m; sourceTree = "<group>"; };
		5E15DBA21E27F52C00F4FEC0 /* AppDelegate.h */ = {isa = PBXFileReference; lastKnownFileType = sourcecode.c.h; path = AppDelegate.h; sourceTree = "<group>"; };
		5E15DBA31E27F52C00F4FEC0 /* AppDelegate.m */ = {isa = PBXFileReference; lastKnownFileType = sourcecode.c.objc; path = AppDelegate.m; sourceTree = "<group>"; };
		5E15DBA51E27F52C00F4FEC0 /* ViewController.h */ = {isa = PBXFileReference; lastKnownFileType = sourcecode.c.h; path = ViewController.h; sourceTree = "<group>"; };
		5E15DBA61E27F52C00F4FEC0 /* ViewController.m */ = {isa = PBXFileReference; lastKnownFileType = sourcecode.c.objc; path = ViewController.m; sourceTree = "<group>"; };
		5E15DBA91E27F52C00F4FEC0 /* Base */ = {isa = PBXFileReference; lastKnownFileType = file.storyboard; name = Base; path = Base.lproj/Main.storyboard; sourceTree = "<group>"; };
		5E15DBAB1E27F52C00F4FEC0 /* Assets.xcassets */ = {isa = PBXFileReference; lastKnownFileType = folder.assetcatalog; path = Assets.xcassets; sourceTree = "<group>"; };
		5E15DBAE1E27F52C00F4FEC0 /* Base */ = {isa = PBXFileReference; lastKnownFileType = file.storyboard; name = Base; path = Base.lproj/LaunchScreen.storyboard; sourceTree = "<group>"; };
		5E15DBB01E27F52C00F4FEC0 /* Info.plist */ = {isa = PBXFileReference; lastKnownFileType = text.plist.xml; path = Info.plist; sourceTree = "<group>"; };
		5E2A9AB51E2800D800B0C6CC /* LoginViewController.m */ = {isa = PBXFileReference; fileEncoding = 4; lastKnownFileType = sourcecode.c.objc; path = LoginViewController.m; sourceTree = "<group>"; };
		5E2A9AB71E2800F700B0C6CC /* LoginViewController.h */ = {isa = PBXFileReference; fileEncoding = 4; lastKnownFileType = sourcecode.c.h; path = LoginViewController.h; sourceTree = "<group>"; };
		5E2A9ABC1E29682000B0C6CC /* AppointmentsTableViewController.h */ = {isa = PBXFileReference; fileEncoding = 4; lastKnownFileType = sourcecode.c.h; path = AppointmentsTableViewController.h; sourceTree = "<group>"; };
		5E2A9ABD1E29682000B0C6CC /* AppointmentsTableViewController.m */ = {isa = PBXFileReference; fileEncoding = 4; lastKnownFileType = sourcecode.c.objc; path = AppointmentsTableViewController.m; sourceTree = "<group>"; };
		ABF8CD3F756CE04ADA0E8BAC /* Pods_MyFloridaIntern.framework */ = {isa = PBXFileReference; explicitFileType = wrapper.framework; includeInIndex = 0; path = Pods_MyFloridaIntern.framework; sourceTree = BUILT_PRODUCTS_DIR; };
		AF0CA95B868FE2CF541F50E3 /* Pods-MyFloridaIntern.debug.xcconfig */ = {isa = PBXFileReference; includeInIndex = 1; lastKnownFileType = text.xcconfig; name = "Pods-MyFloridaIntern.debug.xcconfig"; path = "Pods/Target Support Files/Pods-MyFloridaIntern/Pods-MyFloridaIntern.debug.xcconfig"; sourceTree = "<group>"; };
/* End PBXFileReference section */

/* Begin PBXFrameworksBuildPhase section */
		5E15DB991E27F52C00F4FEC0 /* Frameworks */ = {
			isa = PBXFrameworksBuildPhase;
			buildActionMask = 2147483647;
			files = (
				46B1D1B9A0B540E482B90389 /* Pods_MyFloridaIntern.framework in Frameworks */,
			);
			runOnlyForDeploymentPostprocessing = 0;
		};
/* End PBXFrameworksBuildPhase section */

/* Begin PBXGroup section */
		5E15DB931E27F52C00F4FEC0 = {
			isa = PBXGroup;
			children = (
				5E15DB9E1E27F52C00F4FEC0 /* MyFloridaIntern */,
				5E15DB9D1E27F52C00F4FEC0 /* Products */,
				DE5D75FEEF8CCDA718BBDF63 /* Pods */,
				6F28828D4341D0E5BE26A169 /* Frameworks */,
			);
			sourceTree = "<group>";
		};
		5E15DB9D1E27F52C00F4FEC0 /* Products */ = {
			isa = PBXGroup;
			children = (
				5E15DB9C1E27F52C00F4FEC0 /* MyFloridaIntern.app */,
			);
			name = Products;
			sourceTree = "<group>";
		};
		5E15DB9E1E27F52C00F4FEC0 /* MyFloridaIntern */ = {
			isa = PBXGroup;
			children = (
				5E2A9ABC1E29682000B0C6CC /* AppointmentsTableViewController.h */,
				5E2A9ABD1E29682000B0C6CC /* AppointmentsTableViewController.m */,
				5E15DBA21E27F52C00F4FEC0 /* AppDelegate.h */,
				5E15DBA31E27F52C00F4FEC0 /* AppDelegate.m */,
				5E15DBA51E27F52C00F4FEC0 /* ViewController.h */,
				5E15DBA61E27F52C00F4FEC0 /* ViewController.m */,
				5E15DBA81E27F52C00F4FEC0 /* Main.storyboard */,
				5E15DBAB1E27F52C00F4FEC0 /* Assets.xcassets */,
				5E15DBAD1E27F52C00F4FEC0 /* LaunchScreen.storyboard */,
				5E15DBB01E27F52C00F4FEC0 /* Info.plist */,
				5E15DB9F1E27F52C00F4FEC0 /* Supporting Files */,
				5E2A9AB51E2800D800B0C6CC /* LoginViewController.m */,
				5E2A9AB71E2800F700B0C6CC /* LoginViewController.h */,
			);
			path = MyFloridaIntern;
			sourceTree = "<group>";
		};
		5E15DB9F1E27F52C00F4FEC0 /* Supporting Files */ = {
			isa = PBXGroup;
			children = (
				5E15DBA01E27F52C00F4FEC0 /* main.m */,
			);
			name = "Supporting Files";
			sourceTree = "<group>";
		};
		6F28828D4341D0E5BE26A169 /* Frameworks */ = {
			isa = PBXGroup;
			children = (
				ABF8CD3F756CE04ADA0E8BAC /* Pods_MyFloridaIntern.framework */,
			);
			name = Frameworks;
			sourceTree = "<group>";
		};
		DE5D75FEEF8CCDA718BBDF63 /* Pods */ = {
			isa = PBXGroup;
			children = (
				AF0CA95B868FE2CF541F50E3 /* Pods-MyFloridaIntern.debug.xcconfig */,
				048A9E5B66A27E303463EE10 /* Pods-MyFloridaIntern.release.xcconfig */,
			);
			name = Pods;
			sourceTree = "<group>";
		};
/* End PBXGroup section */

/* Begin PBXNativeTarget section */
		5E15DB9B1E27F52C00F4FEC0 /* MyFloridaIntern */ = {
			isa = PBXNativeTarget;
			buildConfigurationList = 5E15DBB31E27F52C00F4FEC0 /* Build configuration list for PBXNativeTarget "MyFloridaIntern" */;
			buildPhases = (
				AE72C48BEC11E4DBD1C63955 /* [CP] Check Pods Manifest.lock */,
				5E15DB981E27F52C00F4FEC0 /* Sources */,
				5E15DB991E27F52C00F4FEC0 /* Frameworks */,
				5E15DB9A1E27F52C00F4FEC0 /* Resources */,
				20A57F4D2F3D24B3D5D7E810 /* [CP] Embed Pods Frameworks */,
				8204630F4703D059736660EC /* [CP] Copy Pods Resources */,
			);
			buildRules = (
			);
			dependencies = (
			);
			name = MyFloridaIntern;
			productName = MyFloridaIntern;
			productReference = 5E15DB9C1E27F52C00F4FEC0 /* MyFloridaIntern.app */;
			productType = "com.apple.product-type.application";
		};
/* End PBXNativeTarget section */

/* Begin PBXProject section */
		5E15DB941E27F52C00F4FEC0 /* Project object */ = {
			isa = PBXProject;
			attributes = {
				LastUpgradeCheck = 0820;
				ORGANIZATIONNAME = "Complete Technology Solutions";
				TargetAttributes = {
					5E15DB9B1E27F52C00F4FEC0 = {
						CreatedOnToolsVersion = 8.2.1;
						DevelopmentTeam = Y5X8482YT9;
						ProvisioningStyle = Automatic;
					};
				};
			};
			buildConfigurationList = 5E15DB971E27F52C00F4FEC0 /* Build configuration list for PBXProject "MyFloridaIntern" */;
			compatibilityVersion = "Xcode 3.2";
			developmentRegion = English;
			hasScannedForEncodings = 0;
			knownRegions = (
				en,
				Base,
			);
			mainGroup = 5E15DB931E27F52C00F4FEC0;
			productRefGroup = 5E15DB9D1E27F52C00F4FEC0 /* Products */;
			projectDirPath = "";
			projectRoot = "";
			targets = (
				5E15DB9B1E27F52C00F4FEC0 /* MyFloridaIntern */,
			);
		};
/* End PBXProject section */

/* Begin PBXResourcesBuildPhase section */
		5E15DB9A1E27F52C00F4FEC0 /* Resources */ = {
			isa = PBXResourcesBuildPhase;
			buildActionMask = 2147483647;
			files = (
				5E15DBAF1E27F52C00F4FEC0 /* LaunchScreen.storyboard in Resources */,
				5E15DBAC1E27F52C00F4FEC0 /* Assets.xcassets in Resources */,
				5E15DBAA1E27F52C00F4FEC0 /* Main.storyboard in Resources */,
			);
			runOnlyForDeploymentPostprocessing = 0;
		};
/* End PBXResourcesBuildPhase section */

/* Begin PBXShellScriptBuildPhase section */
		20A57F4D2F3D24B3D5D7E810 /* [CP] Embed Pods Frameworks */ = {
			isa = PBXShellScriptBuildPhase;
			buildActionMask = 2147483647;
			files = (
			);
			inputPaths = (
			);
			name = "[CP] Embed Pods Frameworks";
			outputPaths = (
			);
			runOnlyForDeploymentPostprocessing = 0;
			shellPath = /bin/sh;
			shellScript = "\"${SRCROOT}/Pods/Target Support Files/Pods-MyFloridaIntern/Pods-MyFloridaIntern-frameworks.sh\"\n";
			showEnvVarsInLog = 0;
		};
		8204630F4703D059736660EC /* [CP] Copy Pods Resources */ = {
			isa = PBXShellScriptBuildPhase;
			buildActionMask = 2147483647;
			files = (
			);
			inputPaths = (
			);
			name = "[CP] Copy Pods Resources";
			outputPaths = (
			);
			runOnlyForDeploymentPostprocessing = 0;
			shellPath = /bin/sh;
			shellScript = "\"${SRCROOT}/Pods/Target Support Files/Pods-MyFloridaIntern/Pods-MyFloridaIntern-resources.sh\"\n";
			showEnvVarsInLog = 0;
		};
		AE72C48BEC11E4DBD1C63955 /* [CP] Check Pods Manifest.lock */ = {
			isa = PBXShellScriptBuildPhase;
			buildActionMask = 2147483647;
			files = (
			);
			inputPaths = (
			);
			name = "[CP] Check Pods Manifest.lock";
			outputPaths = (
			);
			runOnlyForDeploymentPostprocessing = 0;
			shellPath = /bin/sh;
			shellScript = "diff \"${PODS_ROOT}/../Podfile.lock\" \"${PODS_ROOT}/Manifest.lock\" > /dev/null\nif [ $? != 0 ] ; then\n    # print error to STDERR\n    echo \"error: The sandbox is not in sync with the Podfile.lock. Run 'pod install' or update your CocoaPods installation.\" >&2\n    exit 1\nfi\n";
			showEnvVarsInLog = 0;
		};
/* End PBXShellScriptBuildPhase section */

/* Begin PBXSourcesBuildPhase section */
		5E15DB981E27F52C00F4FEC0 /* Sources */ = {
			isa = PBXSourcesBuildPhase;
			buildActionMask = 2147483647;
			files = (
				5E2A9AB61E2800D800B0C6CC /* LoginViewController.m in Sources */,
				5E15DBA71E27F52C00F4FEC0 /* ViewController.m in Sources */,
				5E15DBA41E27F52C00F4FEC0 /* AppDelegate.m in Sources */,
				5E15DBA11E27F52C00F4FEC0 /* main.m in Sources */,
				5E2A9ABE1E29682000B0C6CC /* AppointmentsTableViewController.m in Sources */,
			);
			runOnlyForDeploymentPostprocessing = 0;
		};
/* End PBXSourcesBuildPhase section */

/* Begin PBXVariantGroup section */
		5E15DBA81E27F52C00F4FEC0 /* Main.storyboard */ = {
			isa = PBXVariantGroup;
			children = (
				5E15DBA91E27F52C00F4FEC0 /* Base */,
			);
			name = Main.storyboard;
			sourceTree = "<group>";
		};
		5E15DBAD1E27F52C00F4FEC0 /* LaunchScreen.storyboard */ = {
			isa = PBXVariantGroup;
			children = (
				5E15DBAE1E27F52C00F4FEC0 /* Base */,
			);
			name = LaunchScreen.storyboard;
			sourceTree = "<group>";
		};
/* End PBXVariantGroup section */

/* Begin XCBuildConfiguration section */
		5E15DBB11E27F52C00F4FEC0 /* Debug */ = {
			isa = XCBuildConfiguration;
			buildSettings = {
				ALWAYS_SEARCH_USER_PATHS = NO;
				CLANG_ANALYZER_NONNULL = YES;
				CLANG_CXX_LANGUAGE_STANDARD = "gnu++0x";
				CLANG_CXX_LIBRARY = "libc++";
				CLANG_ENABLE_MODULES = YES;
				CLANG_ENABLE_OBJC_ARC = YES;
				CLANG_WARN_BOOL_CONVERSION = YES;
				CLANG_WARN_CONSTANT_CONVERSION = YES;
				CLANG_WARN_DIRECT_OBJC_ISA_USAGE = YES_ERROR;
				CLANG_WARN_DOCUMENTATION_COMMENTS = YES;
				CLANG_WARN_EMPTY_BODY = YES;
				CLANG_WARN_ENUM_CONVERSION = YES;
				CLANG_WARN_INFINITE_RECURSION = YES;
				CLANG_WARN_INT_CONVERSION = YES;
				CLANG_WARN_OBJC_ROOT_CLASS = YES_ERROR;
				CLANG_WARN_SUSPICIOUS_MOVE = YES;
				CLANG_WARN_UNREACHABLE_CODE = YES;
				CLANG_WARN__DUPLICATE_METHOD_MATCH = YES;
				"CODE_SIGN_IDENTITY[sdk=iphoneos*]" = "iPhone Developer";
				COPY_PHASE_STRIP = NO;
				DEBUG_INFORMATION_FORMAT = dwarf;
				ENABLE_STRICT_OBJC_MSGSEND = YES;
				ENABLE_TESTABILITY = YES;
				GCC_C_LANGUAGE_STANDARD = gnu99;
				GCC_DYNAMIC_NO_PIC = NO;
				GCC_NO_COMMON_BLOCKS = YES;
				GCC_OPTIMIZATION_LEVEL = 0;
				GCC_PREPROCESSOR_DEFINITIONS = (
					"DEBUG=1",
					"$(inherited)",
				);
				GCC_WARN_64_TO_32_BIT_CONVERSION = YES;
				GCC_WARN_ABOUT_RETURN_TYPE = YES_ERROR;
				GCC_WARN_UNDECLARED_SELECTOR = YES;
				GCC_WARN_UNINITIALIZED_AUTOS = YES_AGGRESSIVE;
				GCC_WARN_UNUSED_FUNCTION = YES;
				GCC_WARN_UNUSED_VARIABLE = YES;
				IPHONEOS_DEPLOYMENT_TARGET = 10.2;
				MTL_ENABLE_DEBUG_INFO = YES;
				ONLY_ACTIVE_ARCH = YES;
				SDKROOT = iphoneos;
				TARGETED_DEVICE_FAMILY = "1,2";
			};
			name = Debug;
		};
		5E15DBB21E27F52C00F4FEC0 /* Release */ = {
			isa = XCBuildConfiguration;
			buildSettings = {
				ALWAYS_SEARCH_USER_PATHS = NO;
				CLANG_ANALYZER_NONNULL = YES;
				CLANG_CXX_LANGUAGE_STANDARD = "gnu++0x";
				CLANG_CXX_LIBRARY = "libc++";
				CLANG_ENABLE_MODULES = YES;
				CLANG_ENABLE_OBJC_ARC = YES;
				CLANG_WARN_BOOL_CONVERSION = YES;
				CLANG_WARN_CONSTANT_CONVERSION = YES;
				CLANG_WARN_DIRECT_OBJC_ISA_USAGE = YES_ERROR;
				CLANG_WARN_DOCUMENTATION_COMMENTS = YES;
				CLANG_WARN_EMPTY_BODY = YES;
				CLANG_WARN_ENUM_CONVERSION = YES;
				CLANG_WARN_INFINITE_RECURSION = YES;
				CLANG_WARN_INT_CONVERSION = YES;
				CLANG_WARN_OBJC_ROOT_CLASS = YES_ERROR;
				CLANG_WARN_SUSPICIOUS_MOVE = YES;
				CLANG_WARN_UNREACHABLE_CODE = YES;
				CLANG_WARN__DUPLICATE_METHOD_MATCH = YES;
				"CODE_SIGN_IDENTITY[sdk=iphoneos*]" = "iPhone Developer";
				COPY_PHASE_STRIP = NO;
				DEBUG_INFORMATION_FORMAT = "dwarf-with-dsym";
				ENABLE_NS_ASSERTIONS = NO;
				ENABLE_STRICT_OBJC_MSGSEND = YES;
				GCC_C_LANGUAGE_STANDARD = gnu99;
				GCC_NO_COMMON_BLOCKS = YES;
				GCC_WARN_64_TO_32_BIT_CONVERSION = YES;
				GCC_WARN_ABOUT_RETURN_TYPE = YES_ERROR;
				GCC_WARN_UNDECLARED_SELECTOR = YES;
				GCC_WARN_UNINITIALIZED_AUTOS = YES_AGGRESSIVE;
				GCC_WARN_UNUSED_FUNCTION = YES;
				GCC_WARN_UNUSED_VARIABLE = YES;
				IPHONEOS_DEPLOYMENT_TARGET = 10.2;
				MTL_ENABLE_DEBUG_INFO = NO;
				SDKROOT = iphoneos;
				TARGETED_DEVICE_FAMILY = "1,2";
				VALIDATE_PRODUCT = YES;
			};
			name = Release;
		};
		5E15DBB41E27F52C00F4FEC0 /* Debug */ = {
			isa = XCBuildConfiguration;
			baseConfigurationReference = AF0CA95B868FE2CF541F50E3 /* Pods-MyFloridaIntern.debug.xcconfig */;
			buildSettings = {
				ASSETCATALOG_COMPILER_APPICON_NAME = AppIcon;
				DEVELOPMENT_TEAM = Y5X8482YT9;
				INFOPLIST_FILE = MyFloridaIntern/Info.plist;
				LD_RUNPATH_SEARCH_PATHS = "$(inherited) @executable_path/Frameworks";
				PRODUCT_BUNDLE_IDENTIFIER = com.completetechnologysolutions.MyFloridaIntern;
				PRODUCT_NAME = "$(TARGET_NAME)";
			};
			name = Debug;
		};
		5E15DBB51E27F52C00F4FEC0 /* Release */ = {
			isa = XCBuildConfiguration;
			baseConfigurationReference = 048A9E5B66A27E303463EE10 /* Pods-MyFloridaIntern.release.xcconfig */;
			buildSettings = {
				ASSETCATALOG_COMPILER_APPICON_NAME = AppIcon;
				DEVELOPMENT_TEAM = Y5X8482YT9;
				INFOPLIST_FILE = MyFloridaIntern/Info.plist;
				LD_RUNPATH_SEARCH_PATHS = "$(inherited) @executable_path/Frameworks";
				PRODUCT_BUNDLE_IDENTIFIER = com.completetechnologysolutions.MyFloridaIntern;
				PRODUCT_NAME = "$(TARGET_NAME)";
			};
			name = Release;
		};
/* End XCBuildConfiguration section */

/* Begin XCConfigurationList section */
		5E15DB971E27F52C00F4FEC0 /* Build configuration list for PBXProject "MyFloridaIntern" */ = {
			isa = XCConfigurationList;
			buildConfigurations = (
				5E15DBB11E27F52C00F4FEC0 /* Debug */,
				5E15DBB21E27F52C00F4FEC0 /* Release */,
			);
			defaultConfigurationIsVisible = 0;
			defaultConfigurationName = Release;
		};
		5E15DBB31E27F52C00F4FEC0 /* Build configuration list for PBXNativeTarget "MyFloridaIntern" */ = {
			isa = XCConfigurationList;
			buildConfigurations = (
				5E15DBB41E27F52C00F4FEC0 /* Debug */,
				5E15DBB51E27F52C00F4FEC0 /* Release */,
			);
			defaultConfigurationIsVisible = 0;
			defaultConfigurationName = Release;
		};
/* End XCConfigurationList section */
	};
	rootObject = 5E15DB941E27F52C00F4FEC0 /* Project object */;
}
